
Microsoft Visual Studio Solution File, Format Version 12.00
# Visual Studio Version 17
VisualStudioVersion = 17.5.33424.131
MinimumVisualStudioVersion = 10.0.40219.1
Project("{2150E333-8FDC-42A3-9474-1A3956D46DE8}") = "FrontEnd", "FrontEnd", "{F04C92CB-C9E4-4B7A-91C5-EDD0BAF5CBA7}"
EndProject
Project("{9A19103F-16F7-4668-BE54-9A1E7A4F7556}") = "Mango.Web", "Mango.Web\Mango.Web.csproj", "{22437592-35D8-4973-B8E9-E6B36F55F151}"
EndProject
Project("{2150E333-8FDC-42A3-9474-1A3956D46DE8}") = "Services", "Services", "{E7A3F0E5-99AC-4DDA-84B5-257E440E0C68}"
EndProject
Project("{9A19103F-16F7-4668-BE54-9A1E7A4F7556}") = "Mango.Services.ProductAPI", "Mango.Services.ProductAPI\Mango.Services.ProductAPI.csproj", "{28093054-03EF-42A7-8C3F-B376757AD988}"
EndProject
Project("{9A19103F-16F7-4668-BE54-9A1E7A4F7556}") = "Mango.Services.Identity", "Mango.Services.Identity\Mango.Services.Identity.csproj", "{FF2FB83C-8830-4024-B26D-C997717BC1AE}"
EndProject
Project("{9A19103F-16F7-4668-BE54-9A1E7A4F7556}") = "Mango.Services.ShoppingCartApi", "Mango.Services.ShoppingCartApi\Mango.Services.ShoppingCartApi.csproj", "{1F5DE67A-CB9B-447F-A16B-BD996C35B6D2}"
EndProject
Project("{FAE04EC0-301F-11D3-BF4B-00C04F79EFBC}") = "Mango.Services.CouponAPI", "Mango.Services.CouponAPI\Mango.Services.CouponAPI.csproj", "{B613BFB7-E557-40F9-BE2B-5049F6511093}"
EndProject
Global
	GlobalSection(SolutionConfigurationPlatforms) = preSolution
		Debug|Any CPU = Debug|Any CPU
		Release|Any CPU = Release|Any CPU
	EndGlobalSection
	GlobalSection(ProjectConfigurationPlatforms) = postSolution
		{22437592-35D8-4973-B8E9-E6B36F55F151}.Debug|Any CPU.ActiveCfg = Debug|Any CPU
		{22437592-35D8-4973-B8E9-E6B36F55F151}.Debug|Any CPU.Build.0 = Debug|Any CPU
		{22437592-35D8-4973-B8E9-E6B36F55F151}.Release|Any CPU.ActiveCfg = Release|Any CPU
		{22437592-35D8-4973-B8E9-E6B36F55F151}.Release|Any CPU.Build.0 = Release|Any CPU
		{28093054-03EF-42A7-8C3F-B376757AD988}.Debug|Any CPU.ActiveCfg = Debug|Any CPU
		{28093054-03EF-42A7-8C3F-B376757AD988}.Debug|Any CPU.Build.0 = Debug|Any CPU
		{28093054-03EF-42A7-8C3F-B376757AD988}.Release|Any CPU.ActiveCfg = Release|Any CPU
		{28093054-03EF-42A7-8C3F-B376757AD988}.Release|Any CPU.Build.0 = Release|Any CPU
		{FF2FB83C-8830-4024-B26D-C997717BC1AE}.Debug|Any CPU.ActiveCfg = Debug|Any CPU
		{FF2FB83C-8830-4024-B26D-C997717BC1AE}.Debug|Any CPU.Build.0 = Debug|Any CPU
		{FF2FB83C-8830-4024-B26D-C997717BC1AE}.Release|Any CPU.ActiveCfg = Release|Any CPU
		{FF2FB83C-8830-4024-B26D-C997717BC1AE}.Release|Any CPU.Build.0 = Release|Any CPU
		{1F5DE67A-CB9B-447F-A16B-BD996C35B6D2}.Debug|Any CPU.ActiveCfg = Debug|Any CPU
		{1F5DE67A-CB9B-447F-A16B-BD996C35B6D2}.Debug|Any CPU.Build.0 = Debug|Any CPU
		{1F5DE67A-CB9B-447F-A16B-BD996C35B6D2}.Release|Any CPU.ActiveCfg = Release|Any CPU
		{1F5DE67A-CB9B-447F-A16B-BD996C35B6D2}.Release|Any CPU.Build.0 = Release|Any CPU
		{B613BFB7-E557-40F9-BE2B-5049F6511093}.Debug|Any CPU.ActiveCfg = Debug|Any CPU
		{B613BFB7-E557-40F9-BE2B-5049F6511093}.Debug|Any CPU.Build.0 = Debug|Any CPU
		{B613BFB7-E557-40F9-BE2B-5049F6511093}.Release|Any CPU.ActiveCfg = Release|Any CPU
		{B613BFB7-E557-40F9-BE2B-5049F6511093}.Release|Any CPU.Build.0 = Release|Any CPU
	EndGlobalSection
	GlobalSection(SolutionProperties) = preSolution
		HideSolutionNode = FALSE
	EndGlobalSection
	GlobalSection(NestedProjects) = preSolution
		{22437592-35D8-4973-B8E9-E6B36F55F151} = {F04C92CB-C9E4-4B7A-91C5-EDD0BAF5CBA7}
		{28093054-03EF-42A7-8C3F-B376757AD988} = {E7A3F0E5-99AC-4DDA-84B5-257E440E0C68}
		{FF2FB83C-8830-4024-B26D-C997717BC1AE} = {E7A3F0E5-99AC-4DDA-84B5-257E440E0C68}
		{1F5DE67A-CB9B-447F-A16B-BD996C35B6D2} = {E7A3F0E5-99AC-4DDA-84B5-257E440E0C68}
		{B613BFB7-E557-40F9-BE2B-5049F6511093} = {E7A3F0E5-99AC-4DDA-84B5-257E440E0C68}
	EndGlobalSection
	GlobalSection(ExtensibilityGlobals) = postSolution
		SolutionGuid = {F95441D9-3CC7-4354-AE90-6DCEF53138FF}
	EndGlobalSection
EndGlobal
